
Microsoft Visual Studio Solution File, Format Version 12.00
# Visual Studio Version 17
VisualStudioVersion = 17.4.33122.133
MinimumVisualStudioVersion = 10.0.40219.1
Project("{9A19103F-16F7-4668-BE54-9A1E7A4F7556}") = "MyFirstWeb", "MyFirstWeb\MyFirstWeb.csproj", "{B453591F-1541-4C90-B9DE-575A78985DFE}"
EndProject
Global
	GlobalSection(SolutionConfigurationPlatforms) = preSolution
		Debug|Any CPU = Debug|Any CPU
		Release|Any CPU = Release|Any CPU
	EndGlobalSection
	GlobalSection(ProjectConfigurationPlatforms) = postSolution
		{B453591F-1541-4C90-B9DE-575A78985DFE}.Debug|Any CPU.ActiveCfg = Debug|Any CPU
		{B453591F-1541-4C90-B9DE-575A78985DFE}.Debug|Any CPU.Build.0 = Debug|Any CPU
		{B453591F-1541-4C90-B9DE-575A78985DFE}.Release|Any CPU.ActiveCfg = Release|Any CPU
		{B453591F-1541-4C90-B9DE-575A78985DFE}.Release|Any CPU.Build.0 = Release|Any CPU
	EndGlobalSection
	GlobalSection(SolutionProperties) = preSolution
		HideSolutionNode = FALSE
	EndGlobalSection
	GlobalSection(ExtensibilityGlobals) = postSolution
		SolutionGuid = {46A35813-A595-4B57-ABB7-EE13CFC33BAF}
	EndGlobalSection
EndGlobal
